
Microsoft Visual Studio Solution File, Format Version 12.00
# Visual Studio Version 16
VisualStudioVersion = 16.0.31205.134
MinimumVisualStudioVersion = 10.0.40219.1
Project("{9A19103F-16F7-4668-BE54-9A1E7A4F7556}") = "Phonebook.Presentation", "Phonebook.Presentation\Phonebook.Presentation.csproj", "{F9B2CA0B-2133-46DF-BFDD-02A31F765F8E}"
EndProject
Project("{FAE04EC0-301F-11D3-BF4B-00C04F79EFBC}") = "Phonebook.Gateway", "Phonebook.Gateway\Phonebook.Gateway.csproj", "{D16F3B00-2537-4D9B-B139-9458656922FD}"
EndProject
Project("{FAE04EC0-301F-11D3-BF4B-00C04F79EFBC}") = "Phonebook.Report", "Phonebook.Report\Phonebook.Report.csproj", "{A0F71EE0-1B26-4E0B-A7E4-4ED07640A5FA}"
EndProject
Project("{FAE04EC0-301F-11D3-BF4B-00C04F79EFBC}") = "Phonebook.Main", "Phonebook.Main\Phonebook.Main.csproj", "{10E76079-119E-429D-86FD-B0302C17CB79}"
EndProject
Global
	GlobalSection(SolutionConfigurationPlatforms) = preSolution
		Debug|Any CPU = Debug|Any CPU
		Release|Any CPU = Release|Any CPU
	EndGlobalSection
	GlobalSection(ProjectConfigurationPlatforms) = postSolution
		{F9B2CA0B-2133-46DF-BFDD-02A31F765F8E}.Debug|Any CPU.ActiveCfg = Debug|Any CPU
		{F9B2CA0B-2133-46DF-BFDD-02A31F765F8E}.Debug|Any CPU.Build.0 = Debug|Any CPU
		{F9B2CA0B-2133-46DF-BFDD-02A31F765F8E}.Release|Any CPU.ActiveCfg = Release|Any CPU
		{F9B2CA0B-2133-46DF-BFDD-02A31F765F8E}.Release|Any CPU.Build.0 = Release|Any CPU
		{D16F3B00-2537-4D9B-B139-9458656922FD}.Debug|Any CPU.ActiveCfg = Debug|Any CPU
		{D16F3B00-2537-4D9B-B139-9458656922FD}.Debug|Any CPU.Build.0 = Debug|Any CPU
		{D16F3B00-2537-4D9B-B139-9458656922FD}.Release|Any CPU.ActiveCfg = Release|Any CPU
		{D16F3B00-2537-4D9B-B139-9458656922FD}.Release|Any CPU.Build.0 = Release|Any CPU
		{A0F71EE0-1B26-4E0B-A7E4-4ED07640A5FA}.Debug|Any CPU.ActiveCfg = Debug|Any CPU
		{A0F71EE0-1B26-4E0B-A7E4-4ED07640A5FA}.Debug|Any CPU.Build.0 = Debug|Any CPU
		{A0F71EE0-1B26-4E0B-A7E4-4ED07640A5FA}.Release|Any CPU.ActiveCfg = Release|Any CPU
		{A0F71EE0-1B26-4E0B-A7E4-4ED07640A5FA}.Release|Any CPU.Build.0 = Release|Any CPU
		{10E76079-119E-429D-86FD-B0302C17CB79}.Debug|Any CPU.ActiveCfg = Debug|Any CPU
		{10E76079-119E-429D-86FD-B0302C17CB79}.Debug|Any CPU.Build.0 = Debug|Any CPU
		{10E76079-119E-429D-86FD-B0302C17CB79}.Release|Any CPU.ActiveCfg = Release|Any CPU
		{10E76079-119E-429D-86FD-B0302C17CB79}.Release|Any CPU.Build.0 = Release|Any CPU
	EndGlobalSection
	GlobalSection(SolutionProperties) = preSolution
		HideSolutionNode = FALSE
	EndGlobalSection
	GlobalSection(ExtensibilityGlobals) = postSolution
		SolutionGuid = {F889EFAC-7C39-40EE-B91B-B49CCCBB1E85}
	EndGlobalSection
EndGlobal
